
Microsoft Visual Studio Solution File, Format Version 12.00
# Visual Studio Version 17
VisualStudioVersion = 17.10.35013.160
MinimumVisualStudioVersion = 10.0.40219.1
Project("{9A19103F-16F7-4668-BE54-9A1E7A4F7556}") = "App", "App\App.csproj", "{604482E5-2F28-4397-B2D9-D8E7AE7FE75B}"
EndProject
Global
	GlobalSection(SolutionConfigurationPlatforms) = preSolution
		Debug|Any CPU = Debug|Any CPU
		Debug|x86 = Debug|x86
		Release|Any CPU = Release|Any CPU
		Release|x86 = Release|x86
	EndGlobalSection
	GlobalSection(ProjectConfigurationPlatforms) = postSolution
		{604482E5-2F28-4397-B2D9-D8E7AE7FE75B}.Debug|Any CPU.ActiveCfg = Debug|Any CPU
		{604482E5-2F28-4397-B2D9-D8E7AE7FE75B}.Debug|Any CPU.Build.0 = Debug|Any CPU
		{604482E5-2F28-4397-B2D9-D8E7AE7FE75B}.Debug|x86.ActiveCfg = Debug|x86
		{604482E5-2F28-4397-B2D9-D8E7AE7FE75B}.Debug|x86.Build.0 = Debug|x86
		{604482E5-2F28-4397-B2D9-D8E7AE7FE75B}.Release|Any CPU.ActiveCfg = Release|Any CPU
		{604482E5-2F28-4397-B2D9-D8E7AE7FE75B}.Release|Any CPU.Build.0 = Release|Any CPU
		{604482E5-2F28-4397-B2D9-D8E7AE7FE75B}.Release|x86.ActiveCfg = Release|x86
		{604482E5-2F28-4397-B2D9-D8E7AE7FE75B}.Release|x86.Build.0 = Release|x86
	EndGlobalSection
	GlobalSection(SolutionProperties) = preSolution
		HideSolutionNode = FALSE
	EndGlobalSection
	GlobalSection(ExtensibilityGlobals) = postSolution
		SolutionGuid = {913F21CC-40EC-491A-B84E-6EABF93E332B}
	EndGlobalSection
EndGlobal
